
Microsoft Visual Studio Solution File, Format Version 12.00
# Visual Studio Version 17
VisualStudioVersion = 17.14.36414.22 d17.14
MinimumVisualStudioVersion = 10.0.40219.1
Project("{FAE04EC0-301F-11D3-BF4B-00C04F79EFBC}") = "LeadGenerationApp", "LeadGenerationApp.csproj", "{01DAD397-96C2-4E88-9130-3D9CB3C35ACE}"
EndProject
Global
	GlobalSection(SolutionConfigurationPlatforms) = preSolution
		Debug|Any CPU = Debug|Any CPU
		Release|Any CPU = Release|Any CPU
	EndGlobalSection
	GlobalSection(ProjectConfigurationPlatforms) = postSolution
		{01DAD397-96C2-4E88-9130-3D9CB3C35ACE}.Debug|Any CPU.ActiveCfg = Debug|Any CPU
		{01DAD397-96C2-4E88-9130-3D9CB3C35ACE}.Debug|Any CPU.Build.0 = Debug|Any CPU
		{01DAD397-96C2-4E88-9130-3D9CB3C35ACE}.Release|Any CPU.ActiveCfg = Release|Any CPU
		{01DAD397-96C2-4E88-9130-3D9CB3C35ACE}.Release|Any CPU.Build.0 = Release|Any CPU
	EndGlobalSection
	GlobalSection(SolutionProperties) = preSolution
		HideSolutionNode = FALSE
	EndGlobalSection
	GlobalSection(ExtensibilityGlobals) = postSolution
		SolutionGuid = {5E199000-ED95-45FF-B571-E49797BA4E56}
	EndGlobalSection
EndGlobal
